
Microsoft Visual Studio Solution File, Format Version 12.00
# Visual Studio 15
VisualStudioVersion = 15.0.27703.2026
MinimumVisualStudioVersion = 10.0.40219.1
Project("{9A19103F-16F7-4668-BE54-9A1E7A4F7556}") = "TicketNotifierAPI", "TicketNotifierAPI\TicketNotifierAPI.csproj", "{38E7FB8F-450A-4193-A2FD-8345219F9C6B}"
EndProject
Project("{2150E333-8FDC-42A3-9474-1A3956D46DE8}") = "packages", "packages", "{F6D849ED-82AA-4879-9585-1A4D6A9DC85B}"
	ProjectSection(SolutionItems) = preProject
		C:\Users\Admin\Desktop\MS\eShopOnContainers-dev\src\BuildingBlocks\EventBus\EventBus\bin\Debug\netstandard2.0\EventBus.dll = C:\Users\Admin\Desktop\MS\eShopOnContainers-dev\src\BuildingBlocks\EventBus\EventBus\bin\Debug\netstandard2.0\EventBus.dll
		C:\Users\Admin\Desktop\MS\eShopOnContainers-dev\src\BuildingBlocks\EventBus\EventBusRabbitMQ\bin\Debug\netstandard2.0\EventBus.dll = C:\Users\Admin\Desktop\MS\eShopOnContainers-dev\src\BuildingBlocks\EventBus\EventBusRabbitMQ\bin\Debug\netstandard2.0\EventBus.dll
		C:\Users\Admin\Desktop\MS\eShopOnContainers-dev\src\BuildingBlocks\EventBus\EventBusRabbitMQ\bin\Debug\netstandard2.0\EventBusRabbitMQ.dll = C:\Users\Admin\Desktop\MS\eShopOnContainers-dev\src\BuildingBlocks\EventBus\EventBusRabbitMQ\bin\Debug\netstandard2.0\EventBusRabbitMQ.dll
		C:\Users\Admin\Desktop\MS\eShopOnContainers-dev\src\BuildingBlocks\EventBus\EventBusServiceBus\bin\Debug\netstandard2.0\EventBusServiceBus.dll = C:\Users\Admin\Desktop\MS\eShopOnContainers-dev\src\BuildingBlocks\EventBus\EventBusServiceBus\bin\Debug\netstandard2.0\EventBusServiceBus.dll
	EndProjectSection
EndProject
Project("{E53339B2-1760-4266-BCC7-CA923CBCF16C}") = "docker-compose", "docker-compose.dcproj", "{C7192E7A-DA4F-4777-958F-186CE853361A}"
EndProject
Global
	GlobalSection(SolutionConfigurationPlatforms) = preSolution
		Debug|Any CPU = Debug|Any CPU
		Release|Any CPU = Release|Any CPU
	EndGlobalSection
	GlobalSection(ProjectConfigurationPlatforms) = postSolution
		{38E7FB8F-450A-4193-A2FD-8345219F9C6B}.Debug|Any CPU.ActiveCfg = Debug|Any CPU
		{38E7FB8F-450A-4193-A2FD-8345219F9C6B}.Debug|Any CPU.Build.0 = Debug|Any CPU
		{38E7FB8F-450A-4193-A2FD-8345219F9C6B}.Release|Any CPU.ActiveCfg = Release|Any CPU
		{38E7FB8F-450A-4193-A2FD-8345219F9C6B}.Release|Any CPU.Build.0 = Release|Any CPU
		{C7192E7A-DA4F-4777-958F-186CE853361A}.Debug|Any CPU.ActiveCfg = Debug|Any CPU
		{C7192E7A-DA4F-4777-958F-186CE853361A}.Debug|Any CPU.Build.0 = Debug|Any CPU
		{C7192E7A-DA4F-4777-958F-186CE853361A}.Release|Any CPU.ActiveCfg = Release|Any CPU
		{C7192E7A-DA4F-4777-958F-186CE853361A}.Release|Any CPU.Build.0 = Release|Any CPU
	EndGlobalSection
	GlobalSection(SolutionProperties) = preSolution
		HideSolutionNode = FALSE
	EndGlobalSection
	GlobalSection(ExtensibilityGlobals) = postSolution
		SolutionGuid = {1D8AC496-78DB-47BF-B559-22500E6AF6B8}
	EndGlobalSection
	GlobalSection(TeamFoundationVersionControl) = preSolution
		SccNumberOfProjects = 2
		SccEnterpriseProvider = {4CA58AB2-18FA-4F8D-95D4-32DDF27D184C}
		SccTeamFoundationServer = https://npsaravanankpm.visualstudio.com/
		SccProjectUniqueName0 = TicketNotifierAPI\\TicketNotifierAPI.csproj
		SccProjectName0 = TicketNotifierAPI
		SccLocalPath0 = TicketNotifierAPI
		SccLocalPath1 = .
	EndGlobalSection
EndGlobal
